
Microsoft Visual Studio Solution File, Format Version 12.00
# Visual Studio Version 16
VisualStudioVersion = 16.0.29613.14
MinimumVisualStudioVersion = 10.0.40219.1
Project("{FAE04EC0-301F-11D3-BF4B-00C04F79EFBC}") = "BasicMapperExample", "BasicMapperExample\BasicMapperExample.csproj", "{6FD86E6E-AC29-4F3F-B622-1E0A20BA0E3A}"
EndProject
Project("{FAE04EC0-301F-11D3-BF4B-00C04F79EFBC}") = "BasicMapperExample.Core", "BasicMapperExample.Core\BasicMapperExample.Core.csproj", "{CDE17180-B9A5-4E5E-95F1-C518D91EBA99}"
EndProject
Global
	GlobalSection(SolutionConfigurationPlatforms) = preSolution
		Debug|Any CPU = Debug|Any CPU
		Release|Any CPU = Release|Any CPU
	EndGlobalSection
	GlobalSection(ProjectConfigurationPlatforms) = postSolution
		{6FD86E6E-AC29-4F3F-B622-1E0A20BA0E3A}.Debug|Any CPU.ActiveCfg = Debug|Any CPU
		{6FD86E6E-AC29-4F3F-B622-1E0A20BA0E3A}.Debug|Any CPU.Build.0 = Debug|Any CPU
		{6FD86E6E-AC29-4F3F-B622-1E0A20BA0E3A}.Release|Any CPU.ActiveCfg = Release|Any CPU
		{6FD86E6E-AC29-4F3F-B622-1E0A20BA0E3A}.Release|Any CPU.Build.0 = Release|Any CPU
		{CDE17180-B9A5-4E5E-95F1-C518D91EBA99}.Debug|Any CPU.ActiveCfg = Debug|Any CPU
		{CDE17180-B9A5-4E5E-95F1-C518D91EBA99}.Debug|Any CPU.Build.0 = Debug|Any CPU
		{CDE17180-B9A5-4E5E-95F1-C518D91EBA99}.Release|Any CPU.ActiveCfg = Release|Any CPU
		{CDE17180-B9A5-4E5E-95F1-C518D91EBA99}.Release|Any CPU.Build.0 = Release|Any CPU
	EndGlobalSection
	GlobalSection(SolutionProperties) = preSolution
		HideSolutionNode = FALSE
	EndGlobalSection
	GlobalSection(ExtensibilityGlobals) = postSolution
		SolutionGuid = {A8EA520C-B4A5-4635-A1C2-64443A7E2691}
	EndGlobalSection
EndGlobal
